
Microsoft Visual Studio Solution File, Format Version 12.00
# Visual Studio Version 17
VisualStudioVersion = 17.9.34902.65
MinimumVisualStudioVersion = 10.0.40219.1
Project("{FAE04EC0-301F-11D3-BF4B-00C04F79EFBC}") = "number-guesser", "number-guesser.csproj", "{4359A328-9672-42B4-B14A-B5D873E7C217}"
EndProject
Global
	GlobalSection(SolutionConfigurationPlatforms) = preSolution
		Debug|Any CPU = Debug|Any CPU
		Release|Any CPU = Release|Any CPU
	EndGlobalSection
	GlobalSection(ProjectConfigurationPlatforms) = postSolution
		{4359A328-9672-42B4-B14A-B5D873E7C217}.Debug|Any CPU.ActiveCfg = Debug|Any CPU
		{4359A328-9672-42B4-B14A-B5D873E7C217}.Debug|Any CPU.Build.0 = Debug|Any CPU
		{4359A328-9672-42B4-B14A-B5D873E7C217}.Release|Any CPU.ActiveCfg = Release|Any CPU
		{4359A328-9672-42B4-B14A-B5D873E7C217}.Release|Any CPU.Build.0 = Release|Any CPU
	EndGlobalSection
	GlobalSection(SolutionProperties) = preSolution
		HideSolutionNode = FALSE
	EndGlobalSection
	GlobalSection(ExtensibilityGlobals) = postSolution
		SolutionGuid = {BA939561-F69C-4ACC-A176-C5C6EDDABEB1}
	EndGlobalSection
EndGlobal
